
Microsoft Visual Studio Solution File, Format Version 12.00
# Visual Studio Version 17
VisualStudioVersion = 17.5.002.0
MinimumVisualStudioVersion = 10.0.40219.1
Project("{9A19103F-16F7-4668-BE54-9A1E7A4F7556}") = "DesafioFundamentos", "DesafioFundamentos\DesafioFundamentos.csproj", "{5FB2FA8C-C70A-4AF2-990D-A7D7260A2CD9}"
EndProject
Global
	GlobalSection(SolutionConfigurationPlatforms) = preSolution
		Debug|Any CPU = Debug|Any CPU
		Release|Any CPU = Release|Any CPU
	EndGlobalSection
	GlobalSection(ProjectConfigurationPlatforms) = postSolution
		{5FB2FA8C-C70A-4AF2-990D-A7D7260A2CD9}.Debug|Any CPU.ActiveCfg = Debug|Any CPU
		{5FB2FA8C-C70A-4AF2-990D-A7D7260A2CD9}.Debug|Any CPU.Build.0 = Debug|Any CPU
		{5FB2FA8C-C70A-4AF2-990D-A7D7260A2CD9}.Release|Any CPU.ActiveCfg = Release|Any CPU
		{5FB2FA8C-C70A-4AF2-990D-A7D7260A2CD9}.Release|Any CPU.Build.0 = Release|Any CPU
	EndGlobalSection
	GlobalSection(SolutionProperties) = preSolution
		HideSolutionNode = FALSE
	EndGlobalSection
	GlobalSection(ExtensibilityGlobals) = postSolution
		SolutionGuid = {0E1EC1F8-0040-4E46-BBA5-6AD1CCE8698C}
	EndGlobalSection
EndGlobal
